
Microsoft Visual Studio Solution File, Format Version 12.00
# Visual Studio Version 16
VisualStudioVersion = 16.0.29418.71
MinimumVisualStudioVersion = 10.0.40219.1
Project("{9A19103F-16F7-4668-BE54-9A1E7A4F7556}") = "CSharp_NETCore_ClassLibrary_Template", "CSharp_NETCore_ClassLibrary_Template.csproj", "{3479BCE5-8593-4B17-A08B-78F2BECA102A}"
EndProject
Global
	GlobalSection(SolutionConfigurationPlatforms) = preSolution
		Debug|Any CPU = Debug|Any CPU
		Release|Any CPU = Release|Any CPU
	EndGlobalSection
	GlobalSection(ProjectConfigurationPlatforms) = postSolution
		{3479BCE5-8593-4B17-A08B-78F2BECA102A}.Debug|Any CPU.ActiveCfg = Debug|Any CPU
		{3479BCE5-8593-4B17-A08B-78F2BECA102A}.Debug|Any CPU.Build.0 = Debug|Any CPU
		{3479BCE5-8593-4B17-A08B-78F2BECA102A}.Release|Any CPU.ActiveCfg = Release|Any CPU
		{3479BCE5-8593-4B17-A08B-78F2BECA102A}.Release|Any CPU.Build.0 = Release|Any CPU
	EndGlobalSection
	GlobalSection(SolutionProperties) = preSolution
		HideSolutionNode = FALSE
	EndGlobalSection
	GlobalSection(ExtensibilityGlobals) = postSolution
		SolutionGuid = {032979B1-2449-4058-BF59-5F6D59CEEF8C}
	EndGlobalSection
EndGlobal
