
Microsoft Visual Studio Solution File, Format Version 12.00
# Visual Studio Version 16
VisualStudioVersion = 16.0.30204.135
MinimumVisualStudioVersion = 10.0.40219.1
Project("{FAE04EC0-301F-11D3-BF4B-00C04F79EFBC}") = "dotnet-core-csharp-console-template", "dotnet-core-csharp-console-template.csproj", "{3DAD5E6E-00AB-4E86-8326-29AA967C681B}"
EndProject
Global
	GlobalSection(SolutionConfigurationPlatforms) = preSolution
		Debug|Any CPU = Debug|Any CPU
		Release|Any CPU = Release|Any CPU
	EndGlobalSection
	GlobalSection(ProjectConfigurationPlatforms) = postSolution
		{3DAD5E6E-00AB-4E86-8326-29AA967C681B}.Debug|Any CPU.ActiveCfg = Debug|Any CPU
		{3DAD5E6E-00AB-4E86-8326-29AA967C681B}.Debug|Any CPU.Build.0 = Debug|Any CPU
		{3DAD5E6E-00AB-4E86-8326-29AA967C681B}.Release|Any CPU.ActiveCfg = Release|Any CPU
		{3DAD5E6E-00AB-4E86-8326-29AA967C681B}.Release|Any CPU.Build.0 = Release|Any CPU
	EndGlobalSection
	GlobalSection(SolutionProperties) = preSolution
		HideSolutionNode = FALSE
	EndGlobalSection
	GlobalSection(ExtensibilityGlobals) = postSolution
		SolutionGuid = {90C9ED05-50D6-4E7E-98E8-96B80C6CA0D1}
	EndGlobalSection
EndGlobal
